<?xml version="1.0" encoding="utf-8"?>
<Project ToolsVersion="4.0" xmlns="http://schemas.microsoft.com/developer/msbuild/2003">
  <ItemGroup>
    <Filter Include="Source Files">
      <UniqueIdentifier>{4FC737F1-C7A5-4376-A066-2A32D752A2FF}</UniqueIdentifier>
      <Extensions>cpp;c;cc;cxx;c++;cppm;ixx;def;odl;idl;hpj;bat;asm;asmx</Extensions>
    </Filter>
    <Filter Include="Header Files">
      <UniqueIdentifier>{93995380-89BD-4b04-88EB-625FBE52EBFB}</UniqueIdentifier>
      <Extensions>h;hh;hpp;hxx;h++;hm;inl;inc;ipp;xsd</Extensions>
    </Filter>
    <Filter Include="Resource Files">
      <UniqueIdentifier>{67DA6AB6-F800-4c08-8B7A-83BB121AAD01}</UniqueIdentifier>
      <Extensions>rc;ico;cur;bmp;dlg;rc2;rct;bin;rgs;gif;jpg;jpeg;jpe;resx;tiff;tif;png;wav;mfcribbon-ms</Extensions>
    </Filter>
  </ItemGroup>
  <ItemGroup>
    <ClCompile Include="main.cpp">
      <Filter>Source Files</Filter>
    </ClCompile>
    <ClCompile Include="SpaceInvaders\UI\spaceinvaders.ui.mainwindow.ixx">
      <Filter>Source Files</Filter>
    </ClCompile>
    <ClCompile Include="SpaceInvaders\UI\MainWindow.cpp">
      <Filter>Source Files</Filter>
    </ClCompile>
    <ClCompile Include="SpaceInvaders\Actors\spaceinvaders.actors.ixx">
      <Filter>Source Files</Filter>
    </ClCompile>
    <ClCompile Include="SpaceInvaders\Actors\spaceinvaders.actors.player.ixx">
      <Filter>Source Files</Filter>
    </ClCompile>
    <ClCompile Include="SpaceInvaders\Actors\spaceinvaders.actors.enemy.ixx">
      <Filter>Source Files</Filter>
    </ClCompile>
    <ClCompile Include="SpaceInvaders\Components\spaceinvaders.components.component.ixx">
      <Filter>Source Files</Filter>
    </ClCompile>
    <ClCompile Include="SpaceInvaders\Components\spaceinvaders.components.position.ixx">
      <Filter>Source Files</Filter>
    </ClCompile>
    <ClCompile Include="SpaceInvaders\Components\spaceinvaders.components.sprite.ixx">
      <Filter>Source Files</Filter>
    </ClCompile>
    <ClCompile Include="SpaceInvaders\Components\spaceinvaders.components.collision.ixx">
      <Filter>Source Files</Filter>
    </ClCompile>
    <ClCompile Include="SpaceInvaders\Components\spaceinvader.components.ixx">
      <Filter>Source Files</Filter>
    </ClCompile>
    <ClCompile Include="SpaceInvaders\Actors\Actor.cpp">
      <Filter>Source Files</Filter>
    </ClCompile>
    <ClCompile Include="SpaceInvaders\Actors\Enemy.cpp">
      <Filter>Source Files</Filter>
    </ClCompile>
    <ClCompile Include="SpaceInvaders\Actors\Player.cpp">
      <Filter>Source Files</Filter>
    </ClCompile>
    <ClCompile Include="SpaceInvaders\Actors\spaceinvaders.actors.iactor.ixx">
      <Filter>Source Files</Filter>
    </ClCompile>
    <ClCompile Include="SpaceInvaders\Actors\spaceinvaders.actors.actor.ixx">
      <Filter>Source Files</Filter>
    </ClCompile>
    <ClCompile Include="SpaceInvaders\Actors\IActor.cpp">
      <Filter>Source Files</Filter>
    </ClCompile>
    <ClCompile Include="SpaceInvaders\Scenes\spaceinvaders.scenes.scene.ixx">
      <Filter>Source Files</Filter>
    </ClCompile>
    <ClCompile Include="SpaceInvaders\Scenes\Scene.cpp">
      <Filter>Source Files</Filter>
    </ClCompile>
    <ClCompile Include="SpaceInvaders\spaceinvaders.spaceinvadersgame.ixx">
      <Filter>Source Files</Filter>
    </ClCompile>
    <ClCompile Include="SpaceInvaders\SpaceInvadersGame.cpp">
      <Filter>Source Files</Filter>
    </ClCompile>
    <ClCompile Include="SpaceInvaders\Rendering\spaceinvaders.rendering.renderer.ixx">
      <Filter>Source Files</Filter>
    </ClCompile>
    <ClCompile Include="SpaceInvaders\Rendering\Renderer.cpp">
      <Filter>Source Files</Filter>
    </ClCompile>
    <ClCompile Include="SpaceInvaders\UI\spaceinvaders.ui.ixx">
      <Filter>Source Files</Filter>
    </ClCompile>
    <ClCompile Include="SpaceInvaders\UI\spaceinvaders.ui.input.ixx">
      <Filter>Source Files</Filter>
    </ClCompile>
    <ClCompile Include="SpaceInvaders\Scenes\spaceinvaders.scenes.mainmenu.ixx">
      <Filter>Source Files</Filter>
    </ClCompile>
    <ClCompile Include="SpaceInvaders\Scenes\spaceinvaders.scenes.level1.ixx">
      <Filter>Source Files</Filter>
    </ClCompile>
    <ClCompile Include="SpaceInvaders\Scenes\Level1.cpp">
      <Filter>Source Files</Filter>
    </ClCompile>
    <ClCompile Include="SpaceInvaders\Scenes\MainMenu.cpp">
      <Filter>Source Files</Filter>
    </ClCompile>
  </ItemGroup>
  <ItemGroup>
    <CopyFileToFolders Include="assets\art\ship.bmp">
      <Filter>Resource Files</Filter>
    </CopyFileToFolders>
    <CopyFileToFolders Include="assets\art\ship.png">
      <Filter>Resource Files</Filter>
    </CopyFileToFolders>
  </ItemGroup>
</Project>